
Microsoft Visual Studio Solution File, Format Version 12.00
# Visual Studio Version 17
VisualStudioVersion = 17.9.34728.123
MinimumVisualStudioVersion = 10.0.40219.1
Project("{FAE04EC0-301F-11D3-BF4B-00C04F79EFBC}") = "SplinterCell-V0.1", "SplinterCell-V0.1.csproj", "{627C1330-38F2-4226-9C93-677F89A80862}"
EndProject
Global
	GlobalSection(SolutionConfigurationPlatforms) = preSolution
		Debug|Any CPU = Debug|Any CPU
		Release|Any CPU = Release|Any CPU
	EndGlobalSection
	GlobalSection(ProjectConfigurationPlatforms) = postSolution
		{627C1330-38F2-4226-9C93-677F89A80862}.Debug|Any CPU.ActiveCfg = Debug|Any CPU
		{627C1330-38F2-4226-9C93-677F89A80862}.Debug|Any CPU.Build.0 = Debug|Any CPU
		{627C1330-38F2-4226-9C93-677F89A80862}.Release|Any CPU.ActiveCfg = Release|Any CPU
		{627C1330-38F2-4226-9C93-677F89A80862}.Release|Any CPU.Build.0 = Release|Any CPU
	EndGlobalSection
	GlobalSection(SolutionProperties) = preSolution
		HideSolutionNode = FALSE
	EndGlobalSection
	GlobalSection(ExtensibilityGlobals) = postSolution
		SolutionGuid = {8A7732EA-A5F4-4E5E-8DB1-2A3552692BC7}
	EndGlobalSection
EndGlobal
